
Microsoft Visual Studio Solution File, Format Version 12.00
# Visual Studio Version 17
VisualStudioVersion = 17.5.33516.290
MinimumVisualStudioVersion = 10.0.40219.1
Project("{FAE04EC0-301F-11D3-BF4B-00C04F79EFBC}") = "stolyarov_36_1_Prakticheskaya_4", "stolyarov_36_1_Prakticheskaya_4\stolyarov_36_1_Prakticheskaya_4.csproj", "{FEB3DE4D-9D59-42B0-988B-E8F492DD15D0}"
EndProject
Global
	GlobalSection(SolutionConfigurationPlatforms) = preSolution
		Debug|Any CPU = Debug|Any CPU
		Release|Any CPU = Release|Any CPU
	EndGlobalSection
	GlobalSection(ProjectConfigurationPlatforms) = postSolution
		{FEB3DE4D-9D59-42B0-988B-E8F492DD15D0}.Debug|Any CPU.ActiveCfg = Debug|Any CPU
		{FEB3DE4D-9D59-42B0-988B-E8F492DD15D0}.Debug|Any CPU.Build.0 = Debug|Any CPU
		{FEB3DE4D-9D59-42B0-988B-E8F492DD15D0}.Release|Any CPU.ActiveCfg = Release|Any CPU
		{FEB3DE4D-9D59-42B0-988B-E8F492DD15D0}.Release|Any CPU.Build.0 = Release|Any CPU
	EndGlobalSection
	GlobalSection(SolutionProperties) = preSolution
		HideSolutionNode = FALSE
	EndGlobalSection
	GlobalSection(ExtensibilityGlobals) = postSolution
		SolutionGuid = {70D4107D-876D-474E-AEA9-7FC1A76D44C3}
	EndGlobalSection
EndGlobal
